
Microsoft Visual Studio Solution File, Format Version 12.00
# Visual Studio Version 17
VisualStudioVersion = 17.6.33829.357
MinimumVisualStudioVersion = 10.0.40219.1
Project("{9A19103F-16F7-4668-BE54-9A1E7A4F7556}") = "Lab01", "Lab01\Lab01.csproj", "{2D854422-6A0E-4809-8F45-22B4CB42DB28}"
EndProject
Project("{9A19103F-16F7-4668-BE54-9A1E7A4F7556}") = "Lab02", "Lab02\Lab02.csproj", "{3140BD7D-8395-44C7-80EA-DFA52BF02816}"
EndProject
Project("{9A19103F-16F7-4668-BE54-9A1E7A4F7556}") = "Lab03", "Lab03\Lab03.csproj", "{412224AE-84C4-43DF-BFEC-7823382B55B5}"
EndProject
Project("{FAE04EC0-301F-11D3-BF4B-00C04F79EFBC}") = "Lab04", "Lab04\Lab04.csproj", "{AC174D06-DEFF-4D32-B995-5FEB6AD4B116}"
EndProject
Global
	GlobalSection(SolutionConfigurationPlatforms) = preSolution
		Debug|Any CPU = Debug|Any CPU
		Release|Any CPU = Release|Any CPU
	EndGlobalSection
	GlobalSection(ProjectConfigurationPlatforms) = postSolution
		{2D854422-6A0E-4809-8F45-22B4CB42DB28}.Debug|Any CPU.ActiveCfg = Debug|Any CPU
		{2D854422-6A0E-4809-8F45-22B4CB42DB28}.Debug|Any CPU.Build.0 = Debug|Any CPU
		{2D854422-6A0E-4809-8F45-22B4CB42DB28}.Release|Any CPU.ActiveCfg = Release|Any CPU
		{2D854422-6A0E-4809-8F45-22B4CB42DB28}.Release|Any CPU.Build.0 = Release|Any CPU
		{3140BD7D-8395-44C7-80EA-DFA52BF02816}.Debug|Any CPU.ActiveCfg = Debug|Any CPU
		{3140BD7D-8395-44C7-80EA-DFA52BF02816}.Debug|Any CPU.Build.0 = Debug|Any CPU
		{3140BD7D-8395-44C7-80EA-DFA52BF02816}.Release|Any CPU.ActiveCfg = Release|Any CPU
		{3140BD7D-8395-44C7-80EA-DFA52BF02816}.Release|Any CPU.Build.0 = Release|Any CPU
		{412224AE-84C4-43DF-BFEC-7823382B55B5}.Debug|Any CPU.ActiveCfg = Debug|Any CPU
		{412224AE-84C4-43DF-BFEC-7823382B55B5}.Debug|Any CPU.Build.0 = Debug|Any CPU
		{412224AE-84C4-43DF-BFEC-7823382B55B5}.Release|Any CPU.ActiveCfg = Release|Any CPU
		{412224AE-84C4-43DF-BFEC-7823382B55B5}.Release|Any CPU.Build.0 = Release|Any CPU
		{AC174D06-DEFF-4D32-B995-5FEB6AD4B116}.Debug|Any CPU.ActiveCfg = Debug|Any CPU
		{AC174D06-DEFF-4D32-B995-5FEB6AD4B116}.Debug|Any CPU.Build.0 = Debug|Any CPU
		{AC174D06-DEFF-4D32-B995-5FEB6AD4B116}.Release|Any CPU.ActiveCfg = Release|Any CPU
		{AC174D06-DEFF-4D32-B995-5FEB6AD4B116}.Release|Any CPU.Build.0 = Release|Any CPU
	EndGlobalSection
	GlobalSection(SolutionProperties) = preSolution
		HideSolutionNode = FALSE
	EndGlobalSection
	GlobalSection(ExtensibilityGlobals) = postSolution
		SolutionGuid = {96382FFE-FE54-423E-9B7A-B78A20A0C2D4}
	EndGlobalSection
EndGlobal
